
Microsoft Visual Studio Solution File, Format Version 12.00
# Visual Studio 15
VisualStudioVersion = 15.0.27004.2009
MinimumVisualStudioVersion = 10.0.40219.1
Project("{FAE04EC0-301F-11D3-BF4B-00C04F79EFBC}") = "TextMessage", "TextMessage\TextMessage.csproj", "{88B1920F-4284-452F-B754-C3A323A57B48}"
EndProject
Project("{FAE04EC0-301F-11D3-BF4B-00C04F79EFBC}") = "TextMessage.Tests", "TextMessage.Tests\TextMessage.Tests.csproj", "{14CCE605-C90B-4D0B-AC7B-5A84C2603804}"
EndProject
Global
	GlobalSection(SolutionConfigurationPlatforms) = preSolution
		Debug|Any CPU = Debug|Any CPU
		Release|Any CPU = Release|Any CPU
	EndGlobalSection
	GlobalSection(ProjectConfigurationPlatforms) = postSolution
		{88B1920F-4284-452F-B754-C3A323A57B48}.Debug|Any CPU.ActiveCfg = Debug|Any CPU
		{88B1920F-4284-452F-B754-C3A323A57B48}.Debug|Any CPU.Build.0 = Debug|Any CPU
		{88B1920F-4284-452F-B754-C3A323A57B48}.Release|Any CPU.ActiveCfg = Release|Any CPU
		{88B1920F-4284-452F-B754-C3A323A57B48}.Release|Any CPU.Build.0 = Release|Any CPU
		{14CCE605-C90B-4D0B-AC7B-5A84C2603804}.Debug|Any CPU.ActiveCfg = Debug|Any CPU
		{14CCE605-C90B-4D0B-AC7B-5A84C2603804}.Debug|Any CPU.Build.0 = Debug|Any CPU
		{14CCE605-C90B-4D0B-AC7B-5A84C2603804}.Release|Any CPU.ActiveCfg = Release|Any CPU
		{14CCE605-C90B-4D0B-AC7B-5A84C2603804}.Release|Any CPU.Build.0 = Release|Any CPU
	EndGlobalSection
	GlobalSection(SolutionProperties) = preSolution
		HideSolutionNode = FALSE
	EndGlobalSection
	GlobalSection(ExtensibilityGlobals) = postSolution
		SolutionGuid = {3792D091-5127-4A9B-A8DF-76E46FA47F6D}
	EndGlobalSection
EndGlobal
