
Microsoft Visual Studio Solution File, Format Version 12.00
# Visual Studio 15
VisualStudioVersion = 15.0.27004.2009
MinimumVisualStudioVersion = 10.0.40219.1
Project("{FAE04EC0-301F-11D3-BF4B-00C04F79EFBC}") = "Car", "Car\Car.csproj", "{31EBC572-094C-44ED-A9B9-93BF881BF074}"
EndProject
Project("{FAE04EC0-301F-11D3-BF4B-00C04F79EFBC}") = "Car.Tests", "Car.Tests\Car.Tests.csproj", "{5517C6CA-5811-4539-8AD8-58D0C2816D58}"
EndProject
Global
	GlobalSection(SolutionConfigurationPlatforms) = preSolution
		Debug|Any CPU = Debug|Any CPU
		Release|Any CPU = Release|Any CPU
	EndGlobalSection
	GlobalSection(ProjectConfigurationPlatforms) = postSolution
		{31EBC572-094C-44ED-A9B9-93BF881BF074}.Debug|Any CPU.ActiveCfg = Debug|Any CPU
		{31EBC572-094C-44ED-A9B9-93BF881BF074}.Debug|Any CPU.Build.0 = Debug|Any CPU
		{31EBC572-094C-44ED-A9B9-93BF881BF074}.Release|Any CPU.ActiveCfg = Release|Any CPU
		{31EBC572-094C-44ED-A9B9-93BF881BF074}.Release|Any CPU.Build.0 = Release|Any CPU
		{5517C6CA-5811-4539-8AD8-58D0C2816D58}.Debug|Any CPU.ActiveCfg = Debug|Any CPU
		{5517C6CA-5811-4539-8AD8-58D0C2816D58}.Debug|Any CPU.Build.0 = Debug|Any CPU
		{5517C6CA-5811-4539-8AD8-58D0C2816D58}.Release|Any CPU.ActiveCfg = Release|Any CPU
		{5517C6CA-5811-4539-8AD8-58D0C2816D58}.Release|Any CPU.Build.0 = Release|Any CPU
	EndGlobalSection
	GlobalSection(SolutionProperties) = preSolution
		HideSolutionNode = FALSE
	EndGlobalSection
	GlobalSection(ExtensibilityGlobals) = postSolution
		SolutionGuid = {A892D4AF-1024-4610-BCC5-A84E5134635B}
	EndGlobalSection
EndGlobal
