
Microsoft Visual Studio Solution File, Format Version 12.00
# Visual Studio 15
VisualStudioVersion = 15.0.27004.2009
MinimumVisualStudioVersion = 10.0.40219.1
Project("{FAE04EC0-301F-11D3-BF4B-00C04F79EFBC}") = "Calculator", "Calculator\Calculator.csproj", "{BEBA22F1-FB6A-4481-BCDA-E26600269602}"
EndProject
Project("{FAE04EC0-301F-11D3-BF4B-00C04F79EFBC}") = "Calculator.Tests", "Calculator.Tests\Calculator.Tests.csproj", "{B26CC527-4D99-4D88-9EC4-ADA187BD9E72}"
EndProject
Global
	GlobalSection(SolutionConfigurationPlatforms) = preSolution
		Debug|Any CPU = Debug|Any CPU
		Release|Any CPU = Release|Any CPU
	EndGlobalSection
	GlobalSection(ProjectConfigurationPlatforms) = postSolution
		{BEBA22F1-FB6A-4481-BCDA-E26600269602}.Debug|Any CPU.ActiveCfg = Debug|Any CPU
		{BEBA22F1-FB6A-4481-BCDA-E26600269602}.Debug|Any CPU.Build.0 = Debug|Any CPU
		{BEBA22F1-FB6A-4481-BCDA-E26600269602}.Release|Any CPU.ActiveCfg = Release|Any CPU
		{BEBA22F1-FB6A-4481-BCDA-E26600269602}.Release|Any CPU.Build.0 = Release|Any CPU
		{B26CC527-4D99-4D88-9EC4-ADA187BD9E72}.Debug|Any CPU.ActiveCfg = Debug|Any CPU
		{B26CC527-4D99-4D88-9EC4-ADA187BD9E72}.Debug|Any CPU.Build.0 = Debug|Any CPU
		{B26CC527-4D99-4D88-9EC4-ADA187BD9E72}.Release|Any CPU.ActiveCfg = Release|Any CPU
		{B26CC527-4D99-4D88-9EC4-ADA187BD9E72}.Release|Any CPU.Build.0 = Release|Any CPU
	EndGlobalSection
	GlobalSection(SolutionProperties) = preSolution
		HideSolutionNode = FALSE
	EndGlobalSection
	GlobalSection(ExtensibilityGlobals) = postSolution
		SolutionGuid = {505B4A37-981D-4EFE-8765-D2361B113902}
	EndGlobalSection
EndGlobal
