
Microsoft Visual Studio Solution File, Format Version 12.00
# Visual Studio 15
VisualStudioVersion = 15.0.27004.2009
MinimumVisualStudioVersion = 10.0.40219.1
Project("{FAE04EC0-301F-11D3-BF4B-00C04F79EFBC}") = "Welcome", "Welcome\Welcome.csproj", "{609D6BAC-F5D5-429D-858B-200F1198FB8F}"
EndProject
Project("{FAE04EC0-301F-11D3-BF4B-00C04F79EFBC}") = "Welcome.Tests", "Welcome.Tests\Welcome.Tests.csproj", "{760ABA92-42AF-465D-A7EA-16393385C204}"
EndProject
Global
	GlobalSection(SolutionConfigurationPlatforms) = preSolution
		Debug|Any CPU = Debug|Any CPU
		Release|Any CPU = Release|Any CPU
	EndGlobalSection
	GlobalSection(ProjectConfigurationPlatforms) = postSolution
		{609D6BAC-F5D5-429D-858B-200F1198FB8F}.Debug|Any CPU.ActiveCfg = Debug|Any CPU
		{609D6BAC-F5D5-429D-858B-200F1198FB8F}.Debug|Any CPU.Build.0 = Debug|Any CPU
		{609D6BAC-F5D5-429D-858B-200F1198FB8F}.Release|Any CPU.ActiveCfg = Release|Any CPU
		{609D6BAC-F5D5-429D-858B-200F1198FB8F}.Release|Any CPU.Build.0 = Release|Any CPU
		{760ABA92-42AF-465D-A7EA-16393385C204}.Debug|Any CPU.ActiveCfg = Debug|Any CPU
		{760ABA92-42AF-465D-A7EA-16393385C204}.Debug|Any CPU.Build.0 = Debug|Any CPU
		{760ABA92-42AF-465D-A7EA-16393385C204}.Release|Any CPU.ActiveCfg = Release|Any CPU
		{760ABA92-42AF-465D-A7EA-16393385C204}.Release|Any CPU.Build.0 = Release|Any CPU
	EndGlobalSection
	GlobalSection(SolutionProperties) = preSolution
		HideSolutionNode = FALSE
	EndGlobalSection
	GlobalSection(ExtensibilityGlobals) = postSolution
		SolutionGuid = {23722EE8-59BD-437E-B7A9-164979D1F681}
	EndGlobalSection
EndGlobal
